%{"earmark": {:hex, :earmark, "0.2.1"},
  "ex_doc": {:hex, :ex_doc, "0.11.4"},
  "linguist": {:hex, :linguist, "0.1.5"},
  "meck": {:git, "https://github.com/eproxus/meck.git", "dde759050eff19a1a80fd854d7375174b191665d", [tag: "0.8.2"]},
  "pooler": {:hex, :pooler, "1.5.0"},
  "protobuffs": {:git, "git://github.com/basho/erlang_protobuffs.git", "5257dfe4e000b58487af89b849c7336ffa9bae82", [tag: "0.8.1p4"]},
  "riak_pb": {:git, "https://github.com/cjimison/riak_pb.git", "fc18a9b37170431f659e08d66ed78e3f6bbc47ca", [tag: "2.0.0.16"]},
  "riakc": {:git, "https://github.com/cjimison/riak-erlang-client.git", "d5e42069cf14612ff5735ca4623bdf71a9e95f26", [branch: "master"]}}
